
Microsoft Visual Studio Solution File, Format Version 12.00
# Visual Studio Version 17
VisualStudioVersion = 17.5.33516.290
MinimumVisualStudioVersion = 10.0.40219.1
Project("{888888A0-9F3D-457C-B088-3A5042F75D52}") = "ThesisProject2", "ThesisProject2\ThesisProject2.pyproj", "{A143B3BF-759A-4ACB-BB81-B253FE0ACCFE}"
EndProject
Global
	GlobalSection(SolutionConfigurationPlatforms) = preSolution
		Debug|Any CPU = Debug|Any CPU
		Release|Any CPU = Release|Any CPU
	EndGlobalSection
	GlobalSection(ProjectConfigurationPlatforms) = postSolution
		{A143B3BF-759A-4ACB-BB81-B253FE0ACCFE}.Debug|Any CPU.ActiveCfg = Debug|Any CPU
		{A143B3BF-759A-4ACB-BB81-B253FE0ACCFE}.Debug|Any CPU.Build.0 = Debug|Any CPU
		{A143B3BF-759A-4ACB-BB81-B253FE0ACCFE}.Release|Any CPU.ActiveCfg = Release|Any CPU
		{A143B3BF-759A-4ACB-BB81-B253FE0ACCFE}.Release|Any CPU.Build.0 = Release|Any CPU
	EndGlobalSection
	GlobalSection(SolutionProperties) = preSolution
		HideSolutionNode = FALSE
	EndGlobalSection
	GlobalSection(ExtensibilityGlobals) = postSolution
		SolutionGuid = {D196C517-8A72-4F85-B277-63B047E00E2F}
	EndGlobalSection
EndGlobal
